
Microsoft Visual Studio Solution File, Format Version 12.00
# Visual Studio Version 16
VisualStudioVersion = 16.0.32901.82
MinimumVisualStudioVersion = 10.0.40219.1
Project("{FAE04EC0-301F-11D3-BF4B-00C04F79EFBC}") = "LatihanValidasi", "LatihanValidasi.csproj", "{29699C1A-F682-421C-8AD2-B95A6A4D27EA}"
EndProject
Global
	GlobalSection(SolutionConfigurationPlatforms) = preSolution
		Debug|Any CPU = Debug|Any CPU
		Release|Any CPU = Release|Any CPU
	EndGlobalSection
	GlobalSection(ProjectConfigurationPlatforms) = postSolution
		{29699C1A-F682-421C-8AD2-B95A6A4D27EA}.Debug|Any CPU.ActiveCfg = Debug|Any CPU
		{29699C1A-F682-421C-8AD2-B95A6A4D27EA}.Debug|Any CPU.Build.0 = Debug|Any CPU
		{29699C1A-F682-421C-8AD2-B95A6A4D27EA}.Release|Any CPU.ActiveCfg = Release|Any CPU
		{29699C1A-F682-421C-8AD2-B95A6A4D27EA}.Release|Any CPU.Build.0 = Release|Any CPU
	EndGlobalSection
	GlobalSection(SolutionProperties) = preSolution
		HideSolutionNode = FALSE
	EndGlobalSection
	GlobalSection(ExtensibilityGlobals) = postSolution
		SolutionGuid = {09BC93DA-C77E-48BE-B77B-0A5AF5E29CA6}
	EndGlobalSection
EndGlobal
